<?xml version="1.0" encoding="utf-8"?>
<Project ToolsVersion="4.0" xmlns="http://schemas.microsoft.com/developer/msbuild/2003">
  <ItemGroup>
    <Filter Include="Source Files">
      <UniqueIdentifier>{4FC737F1-C7A5-4376-A066-2A32D752A2FF}</UniqueIdentifier>
      <Extensions>cpp;c;cc;cxx;def;odl;idl;hpj;bat;asm;asmx</Extensions>
    </Filter>
    <Filter Include="Header Files">
      <UniqueIdentifier>{93995380-89BD-4b04-88EB-625FBE52EBFB}</UniqueIdentifier>
      <Extensions>h;hh;hpp;hxx;hm;inl;inc;xsd</Extensions>
    </Filter>
    <Filter Include="Resource Files">
      <UniqueIdentifier>{67DA6AB6-F800-4c08-8B7A-83BB121AAD01}</UniqueIdentifier>
      <Extensions>rc;ico;cur;bmp;dlg;rc2;rct;bin;rgs;gif;jpg;jpeg;jpe;resx;tiff;tif;png;wav</Extensions>
    </Filter>
    <Filter Include="Source Files\Animator">
      <UniqueIdentifier>{c7fa8078-7ea2-48c0-923c-52a567cb2cd6}</UniqueIdentifier>
    </Filter>
    <Filter Include="Source Files\Animation">
      <UniqueIdentifier>{b13c2ce1-28bd-436e-9e34-bb1db6f27c10}</UniqueIdentifier>
    </Filter>
    <Filter Include="Source Files\GameLogic">
      <UniqueIdentifier>{f32cdd53-f91f-4ed4-9599-91d1784614ae}</UniqueIdentifier>
    </Filter>
    <Filter Include="Source Files\GameAction">
      <UniqueIdentifier>{10e211d8-bdd2-4148-b735-1e67fc904e42}</UniqueIdentifier>
    </Filter>
    <Filter Include="Source Files\Terrain">
      <UniqueIdentifier>{4207b5a9-908e-443c-8ef8-2016b56b3856}</UniqueIdentifier>
    </Filter>
    <Filter Include="Resource Files\Bitmaps">
      <UniqueIdentifier>{67d60ba3-0183-415a-bece-86238319bacb}</UniqueIdentifier>
    </Filter>
    <Filter Include="Resource Files\Sounds">
      <UniqueIdentifier>{fb61baae-bd75-41ca-af03-c923497881f8}</UniqueIdentifier>
    </Filter>
    <Filter Include="Resource Files\Configs">
      <UniqueIdentifier>{c885cd70-9cc8-4568-ad1f-5f2cc13a4b53}</UniqueIdentifier>
    </Filter>
    <Filter Include="Header Files\Animator">
      <UniqueIdentifier>{166a689c-f418-48ef-9d6b-91e680c364f9}</UniqueIdentifier>
    </Filter>
    <Filter Include="Header Files\Animation">
      <UniqueIdentifier>{58f7122e-e459-43ca-877f-b703ebf34a12}</UniqueIdentifier>
    </Filter>
    <Filter Include="Header Files\GameLogic">
      <UniqueIdentifier>{3229bfab-cf08-48a7-8611-4b66db1d8eaf}</UniqueIdentifier>
    </Filter>
    <Filter Include="Header Files\GameAction">
      <UniqueIdentifier>{78978243-f11a-483d-be61-834a0790f84c}</UniqueIdentifier>
    </Filter>
    <Filter Include="Header Files\Terrain">
      <UniqueIdentifier>{ff36eff2-61fe-4216-80a9-18944c800049}</UniqueIdentifier>
    </Filter>
    <Filter Include="Header Files\Sprites">
      <UniqueIdentifier>{d0eaeac8-3ed2-4d61-8d2d-7978c7ec2b60}</UniqueIdentifier>
    </Filter>
    <Filter Include="Resource Files\Fonts">
      <UniqueIdentifier>{81eb7ea1-bc84-4d0e-8c58-c8d764a92517}</UniqueIdentifier>
    </Filter>
    <Filter Include="Header Files\Objects">
      <UniqueIdentifier>{bfc8255e-7612-43ee-adc7-30e7bcfc5cae}</UniqueIdentifier>
    </Filter>
    <Filter Include="Source Files\Objects">
      <UniqueIdentifier>{d288d18e-de9b-4565-b48d-9102d47edeb8}</UniqueIdentifier>
    </Filter>
    <Filter Include="Source Files\Objects\Characters">
      <UniqueIdentifier>{7682f5a8-8278-4f9a-89fd-9bf910f17234}</UniqueIdentifier>
    </Filter>
    <Filter Include="Source Files\Objects\Items">
      <UniqueIdentifier>{8a927aac-02b8-4de8-ac6e-fe64a2bcb9a3}</UniqueIdentifier>
    </Filter>
    <Filter Include="Header Files\Objects\Characters">
      <UniqueIdentifier>{97ecb50a-4bd8-4c38-9fc3-657b44844a18}</UniqueIdentifier>
    </Filter>
    <Filter Include="Header Files\Objects\Items">
      <UniqueIdentifier>{6ef5d6cc-5b6f-476e-b6b7-afd7a666354d}</UniqueIdentifier>
    </Filter>
    <Filter Include="Resource Files\Bitmaps\Terrain">
      <UniqueIdentifier>{5e1777e5-b9bf-4b5d-8a33-129b855a4d53}</UniqueIdentifier>
    </Filter>
    <Filter Include="Resource Files\Bitmaps\startscreen">
      <UniqueIdentifier>{146cef15-50b5-4b47-98d5-8a46ea425eba}</UniqueIdentifier>
    </Filter>
    <Filter Include="Source Files\Utilities">
      <UniqueIdentifier>{b2306ff6-fdd2-4695-b1b9-564a4d612d9a}</UniqueIdentifier>
    </Filter>
    <Filter Include="Header Files\Utilities">
      <UniqueIdentifier>{2be421cc-e759-4a70-9bdb-e6c457a6857a}</UniqueIdentifier>
    </Filter>
    <Filter Include="Source Files\Sprites">
      <UniqueIdentifier>{d296b16c-3713-4878-9ade-999fdca7e20b}</UniqueIdentifier>
    </Filter>
  </ItemGroup>
  <ItemGroup>
    <ClCompile Include="1942-FeedTheBirds\src\Animator\Animator.cpp">
      <Filter>Source Files\Animator</Filter>
    </ClCompile>
    <ClCompile Include="1942-FeedTheBirds\src\GameLogic\PlayerProfile.cpp">
      <Filter>Source Files\GameLogic</Filter>
    </ClCompile>
    <ClCompile Include="1942-FeedTheBirds\src\GameAction\AI.cpp">
      <Filter>Source Files\GameAction</Filter>
    </ClCompile>
    <ClCompile Include="1942-FeedTheBirds\src\GameAction\CollisionChecker.cpp">
      <Filter>Source Files\GameAction</Filter>
    </ClCompile>
    <ClCompile Include="1942-FeedTheBirds\src\GameAction\InputManager.cpp">
      <Filter>Source Files\GameAction</Filter>
    </ClCompile>
    <ClCompile Include="1942-FeedTheBirds\src\GameAction\SoundAPI.cpp">
      <Filter>Source Files\GameAction</Filter>
    </ClCompile>
    <ClCompile Include="1942-FeedTheBirds\src\GameAction\StageManager.cpp">
      <Filter>Source Files\GameAction</Filter>
    </ClCompile>
    <ClCompile Include="1942-feedthebirds\src\1942-FeedTheBirdsMain.cpp">
      <Filter>Source Files</Filter>
    </ClCompile>
    <ClCompile Include="1942-FeedTheBirds\src\GameLogic\GameLogic.cpp">
      <Filter>Source Files\GameLogic</Filter>
    </ClCompile>
    <ClCompile Include="1942-FeedTheBirds\src\GameAction\GamePlay.cpp">
      <Filter>Source Files\GameAction</Filter>
    </ClCompile>
    <ClCompile Include="1942-FeedTheBirds\src\Terrain\Terrain.cpp">
      <Filter>Source Files\Terrain</Filter>
    </ClCompile>
    <ClCompile Include="1942-FeedTheBirds\src\Terrain\TerrainStartScreen.cpp">
      <Filter>Source Files\Terrain</Filter>
    </ClCompile>
    <ClCompile Include="1942-FeedTheBirds\src\Objects\Object.cpp">
      <Filter>Source Files\Objects</Filter>
    </ClCompile>
    <ClCompile Include="1942-FeedTheBirds\src\Utilities\Utilities.cpp">
      <Filter>Source Files\Utilities</Filter>
    </ClCompile>
    <ClCompile Include="1942-FeedTheBirds\src\Sprites\Sprite.cpp">
      <Filter>Source Files\Sprites</Filter>
    </ClCompile>
    <ClCompile Include="1942-FeedTheBirds\src\Animation\Animation.cpp">
      <Filter>Source Files\Animation</Filter>
    </ClCompile>
    <ClCompile Include="1942-FeedTheBirds\src\Animation\AnimationFilm.cpp">
      <Filter>Source Files\Animation</Filter>
    </ClCompile>
    <ClCompile Include="1942-FeedTheBirds\src\Animation\AnimationFilmHolder.cpp">
      <Filter>Source Files\Animation</Filter>
    </ClCompile>
    <ClCompile Include="1942-FeedTheBirds\src\Animation\BitmapLoader.cpp">
      <Filter>Source Files\Animation</Filter>
    </ClCompile>
    <ClCompile Include="1942-FeedTheBirds\src\Objects\Characters\Bird.cpp">
      <Filter>Source Files\Objects\Characters</Filter>
    </ClCompile>
    <ClCompile Include="1942-FeedTheBirds\src\Objects\Characters\SuperAce.cpp">
      <Filter>Source Files\Objects\Characters</Filter>
    </ClCompile>
    <ClCompile Include="1942-FeedTheBirds\src\Objects\Items\BirdDropping.cpp">
      <Filter>Source Files\Objects\Items</Filter>
    </ClCompile>
    <ClCompile Include="1942-FeedTheBirds\src\Objects\Items\Fish.cpp">
      <Filter>Source Files\Objects\Items</Filter>
    </ClCompile>
    <ClCompile Include="1942-FeedTheBirds\src\Objects\Items\PowerUp.cpp">
      <Filter>Source Files\Objects\Items</Filter>
    </ClCompile>
    <ClCompile Include="1942-FeedTheBirds\src\Animator\AnimatorHolder.cpp">
      <Filter>Source Files\Animator</Filter>
    </ClCompile>
    <ClCompile Include="1942-FeedTheBirds\src\Animation\MovingAnimation.cpp">
      <Filter>Source Files\Animation</Filter>
    </ClCompile>
    <ClCompile Include="1942-FeedTheBirds\src\Animation\TickAnimation.cpp">
      <Filter>Source Files\Animation</Filter>
    </ClCompile>
    <ClCompile Include="1942-FeedTheBirds\src\Animator\MovingAnimator.cpp">
      <Filter>Source Files\Animator</Filter>
    </ClCompile>
    <ClCompile Include="1942-FeedTheBirds\src\Animator\TimerTickAnimator.cpp">
      <Filter>Source Files\Animator</Filter>
    </ClCompile>
    <ClCompile Include="1942-FeedTheBirds\src\Objects\Items\Button.cpp">
      <Filter>Source Files\Objects\Items</Filter>
    </ClCompile>
    <ClCompile Include="1942-FeedTheBirds\src\Animation\FlashingAnimation.cpp">
      <Filter>Source Files\Animation</Filter>
    </ClCompile>
    <ClCompile Include="1942-FeedTheBirds\src\Animator\FlashingAnimator.cpp">
      <Filter>Source Files\Animator</Filter>
    </ClCompile>
    <ClCompile Include="1942-FeedTheBirds\src\Animation\FrameRangeAnimation.cpp">
      <Filter>Source Files\Animation</Filter>
    </ClCompile>
    <ClCompile Include="1942-FeedTheBirds\src\Animator\FrameRangeAnimator.cpp">
      <Filter>Source Files\Animator</Filter>
    </ClCompile>
  </ItemGroup>
  <ItemGroup>
    <Image Include="1942-FeedTheBirds\data\Bitmaps\1942_sprite_sheet.png">
      <Filter>Resource Files\Bitmaps</Filter>
    </Image>
    <Image Include="1942-FeedTheBirds\data\Bitmaps\1945_sprite_sheet.bmp">
      <Filter>Resource Files\Bitmaps</Filter>
    </Image>
    <Image Include="1942-FeedTheBirds\data\Bitmaps\sample_terrain.bmp">
      <Filter>Resource Files\Bitmaps</Filter>
    </Image>
    <Image Include="1942-FeedTheBirds\data\Bitmaps\bigexplosion.bmp">
      <Filter>Resource Files\Bitmaps</Filter>
    </Image>
    <Image Include="1942-FeedTheBirds\data\Bitmaps\birdshit.png">
      <Filter>Resource Files\Bitmaps</Filter>
    </Image>
    <Image Include="1942-FeedTheBirds\data\Bitmaps\bonusshot.bmp">
      <Filter>Resource Files\Bitmaps</Filter>
    </Image>
    <Image Include="1942-FeedTheBirds\data\Bitmaps\bullets.bmp">
      <Filter>Resource Files\Bitmaps</Filter>
    </Image>
    <Image Include="1942-FeedTheBirds\data\Bitmaps\explosion.bmp">
      <Filter>Resource Files\Bitmaps</Filter>
    </Image>
    <Image Include="1942-FeedTheBirds\data\Bitmaps\p38.bmp">
      <Filter>Resource Files\Bitmaps</Filter>
    </Image>
    <Image Include="1942-FeedTheBirds\data\Bitmaps\progress.bmp">
      <Filter>Resource Files\Bitmaps</Filter>
    </Image>
    <Image Include="1942-FeedTheBirds\data\Bitmaps\terrain\desert.png">
      <Filter>Resource Files\Bitmaps\Terrain</Filter>
    </Image>
    <Image Include="1942-FeedTheBirds\data\Bitmaps\terrain\forest.png">
      <Filter>Resource Files\Bitmaps\Terrain</Filter>
    </Image>
    <Image Include="1942-FeedTheBirds\data\Bitmaps\terrain\lava1.png">
      <Filter>Resource Files\Bitmaps\Terrain</Filter>
    </Image>
    <Image Include="1942-FeedTheBirds\data\Bitmaps\terrain\lava2.png">
      <Filter>Resource Files\Bitmaps\Terrain</Filter>
    </Image>
    <Image Include="1942-FeedTheBirds\data\Bitmaps\terrain\ocean.bmp">
      <Filter>Resource Files\Bitmaps\Terrain</Filter>
    </Image>
    <Image Include="1942-FeedTheBirds\data\Bitmaps\terrain\road.png">
      <Filter>Resource Files\Bitmaps\Terrain</Filter>
    </Image>
    <Image Include="1942-FeedTheBirds\data\Bitmaps\terrain\sample_terrain.bmp">
      <Filter>Resource Files\Bitmaps\Terrain</Filter>
    </Image>
    <Image Include="1942-FeedTheBirds\data\Bitmaps\terrain\sea1.png">
      <Filter>Resource Files\Bitmaps\Terrain</Filter>
    </Image>
    <Image Include="1942-FeedTheBirds\data\Bitmaps\terrain\sea2.png">
      <Filter>Resource Files\Bitmaps\Terrain</Filter>
    </Image>
    <Image Include="1942-FeedTheBirds\data\Bitmaps\terrain\space2.png">
      <Filter>Resource Files\Bitmaps\Terrain</Filter>
    </Image>
    <Image Include="1942-FeedTheBirds\data\Bitmaps\terrain\terrainObjects.bmp">
      <Filter>Resource Files\Bitmaps\Terrain</Filter>
    </Image>
    <Image Include="1942-FeedTheBirds\data\Bitmaps\startscreen\mq1.jpg">
      <Filter>Resource Files\Bitmaps\startscreen</Filter>
    </Image>
    <Image Include="1942-FeedTheBirds\data\Bitmaps\startscreen\playgamesnotwar.jpg">
      <Filter>Resource Files\Bitmaps\startscreen</Filter>
    </Image>
    <Image Include="1942-FeedTheBirds\data\Bitmaps\startscreen\stopwar.jpg">
      <Filter>Resource Files\Bitmaps\startscreen</Filter>
    </Image>
    <Image Include="1942-FeedTheBirds\data\Bitmaps\startscreen\stopwarIII.gif">
      <Filter>Resource Files\Bitmaps\startscreen</Filter>
    </Image>
    <Image Include="1942-FeedTheBirds\data\Bitmaps\startscreen\tumblr_naalh2N9wP1s335jfo1_r2_500.gif">
      <Filter>Resource Files\Bitmaps\startscreen</Filter>
    </Image>
    <Image Include="1942-FeedTheBirds\data\Bitmaps\startscreen\stock-vector--play-games-not-war-isolated-vector-136695062.png">
      <Filter>Resource Files\Bitmaps\startscreen</Filter>
    </Image>
  </ItemGroup>
  <ItemGroup>
    <ClInclude Include="1942-FeedTheBirds\include\Animator\Animator.h">
      <Filter>Header Files\Animator</Filter>
    </ClInclude>
    <ClInclude Include="1942-FeedTheBirds\include\GameLogic\GameLogic.h">
      <Filter>Header Files\GameLogic</Filter>
    </ClInclude>
    <ClInclude Include="1942-FeedTheBirds\include\GameAction\GamePlay.h">
      <Filter>Header Files\GameAction</Filter>
    </ClInclude>
    <ClInclude Include="1942-FeedTheBirds\include\GameAction\InputManager.h">
      <Filter>Header Files\GameAction</Filter>
    </ClInclude>
    <ClInclude Include="1942-FeedTheBirds\include\Terrain\Terrain.h">
      <Filter>Header Files\Terrain</Filter>
    </ClInclude>
    <ClInclude Include="1942-FeedTheBirds\include\Terrain\TerrainStartScreen.h">
      <Filter>Header Files\Terrain</Filter>
    </ClInclude>
    <ClInclude Include="1942-FeedTheBirds\include\Sprites\Sprite.h">
      <Filter>Header Files\Sprites</Filter>
    </ClInclude>
    <ClInclude Include="1942-FeedTheBirds\include\Objects\Object.h">
      <Filter>Header Files\Objects</Filter>
    </ClInclude>
    <ClInclude Include="1942-FeedTheBirds\include\Animation\Animation.h">
      <Filter>Header Files\Animation</Filter>
    </ClInclude>
    <ClInclude Include="1942-FeedTheBirds\include\Animation\AnimationFilm.h">
      <Filter>Header Files\Animation</Filter>
    </ClInclude>
    <ClInclude Include="1942-FeedTheBirds\include\Animation\AnimationFilmHolder.h">
      <Filter>Header Files\Animation</Filter>
    </ClInclude>
    <ClInclude Include="1942-FeedTheBirds\include\Animator\AnimatorHolder.h">
      <Filter>Header Files\Animator</Filter>
    </ClInclude>
    <ClInclude Include="1942-FeedTheBirds\include\Utilities\Utilities.h">
      <Filter>Header Files\Utilities</Filter>
    </ClInclude>
    <ClInclude Include="1942-FeedTheBirds\include\Animation\BitmapLoader.h">
      <Filter>Header Files\Animation</Filter>
    </ClInclude>
    <ClInclude Include="1942-FeedTheBirds\include\GameAction\CollisionChecker.h">
      <Filter>Header Files\GameAction</Filter>
    </ClInclude>
    <ClInclude Include="1942-FeedTheBirds\include\Objects\Characters\Bird.h">
      <Filter>Header Files\Objects\Characters</Filter>
    </ClInclude>
    <ClInclude Include="1942-FeedTheBirds\include\Objects\Characters\SuperAce.h">
      <Filter>Header Files\Objects\Characters</Filter>
    </ClInclude>
    <ClInclude Include="1942-FeedTheBirds\include\Objects\Items\BirdDropping.h">
      <Filter>Header Files\Objects\Items</Filter>
    </ClInclude>
    <ClInclude Include="1942-FeedTheBirds\include\Objects\Items\Fish.h">
      <Filter>Header Files\Objects\Items</Filter>
    </ClInclude>
    <ClInclude Include="1942-FeedTheBirds\include\Objects\Items\PowerUp.h">
      <Filter>Header Files\Objects\Items</Filter>
    </ClInclude>
    <ClInclude Include="1942-FeedTheBirds\include\Animation\MovingAnimation.h">
      <Filter>Header Files\Animation</Filter>
    </ClInclude>
    <ClInclude Include="1942-FeedTheBirds\include\Animation\TickAnimation.h">
      <Filter>Header Files\Animation</Filter>
    </ClInclude>
    <ClInclude Include="1942-FeedTheBirds\include\Animator\MovingAnimator.h">
      <Filter>Header Files\Animator</Filter>
    </ClInclude>
    <ClInclude Include="1942-FeedTheBirds\include\Animator\TimerTickAnimator.h">
      <Filter>Header Files\Animator</Filter>
    </ClInclude>
    <ClInclude Include="1942-FeedTheBirds\include\Objects\Items\Button.h">
      <Filter>Header Files\Objects\Items</Filter>
    </ClInclude>
    <ClInclude Include="1942-FeedTheBirds\include\Animation\FlashingAnimation.h">
      <Filter>Header Files\Animation</Filter>
    </ClInclude>
    <ClInclude Include="1942-FeedTheBirds\include\Animator\FlashingAnimator.h">
      <Filter>Header Files\Animator</Filter>
    </ClInclude>
    <ClInclude Include="1942-FeedTheBirds\include\GameLogic\PlayerProfile.h">
      <Filter>Header Files\GameLogic</Filter>
    </ClInclude>
    <ClInclude Include="1942-FeedTheBirds\include\Animation\FrameRangeAnimation.h">
      <Filter>Header Files\Animation</Filter>
    </ClInclude>
    <ClInclude Include="1942-FeedTheBirds\include\Animator\FrameRangeAnimator.h">
      <Filter>Header Files\Animator</Filter>
    </ClInclude>
  </ItemGroup>
  <ItemGroup>
    <Font Include="1942-FeedTheBirds\data\Fonts\arial.ttf">
      <Filter>Resource Files\Fonts</Filter>
    </Font>
    <Font Include="1942-FeedTheBirds\data\Fonts\karmatic_arcade_font.ttf">
      <Filter>Resource Files\Fonts</Filter>
    </Font>
  </ItemGroup>
  <ItemGroup>
    <None Include="1942-FeedTheBirds\data\films.ini">
      <Filter>Resource Files</Filter>
    </None>
  </ItemGroup>
</Project>